
Microsoft Visual Studio Solution File, Format Version 12.00
# Visual Studio Version 17
VisualStudioVersion = 17.0.31423.177
MinimumVisualStudioVersion = 10.0.40219.1
Project("{9A19103F-16F7-4668-BE54-9A1E7A4F7556}") = "State", "src\State\State.csproj", "{CF0B6011-7B17-4D61-A68C-353892935CCD}"
EndProject
Project("{9A19103F-16F7-4668-BE54-9A1E7A4F7556}") = "Lexxys", "..\Lexxys\src\Lexxys\Lexxys.csproj", "{5845BD62-FA91-4D34-8D20-75DC2548D608}"
EndProject
Project("{9A19103F-16F7-4668-BE54-9A1E7A4F7556}") = "Lexxys.State", "src\Lexxys.State\Lexxys.State.csproj", "{7FAA5DAF-5001-4E37-B60F-76C928B3278E}"
EndProject
Project("{FAE04EC0-301F-11D3-BF4B-00C04F79EFBC}") = "Lexxys.State.Tests", "src\Lexxys.State.Tests\Lexxys.State.Tests.csproj", "{45969C19-758B-4F75-9602-B0416764509A}"
EndProject
Project("{FAE04EC0-301F-11D3-BF4B-00C04F79EFBC}") = "Lexxys.State.Con", "src\Lexxys.State.Con\Lexxys.State.Con.csproj", "{5DDC8FE4-E441-43CD-832F-BAFF54C897D1}"
EndProject
Global
	GlobalSection(SolutionConfigurationPlatforms) = preSolution
		Debug|Any CPU = Debug|Any CPU
		Release|Any CPU = Release|Any CPU
	EndGlobalSection
	GlobalSection(ProjectConfigurationPlatforms) = postSolution
		{CF0B6011-7B17-4D61-A68C-353892935CCD}.Debug|Any CPU.ActiveCfg = Debug|Any CPU
		{CF0B6011-7B17-4D61-A68C-353892935CCD}.Debug|Any CPU.Build.0 = Debug|Any CPU
		{CF0B6011-7B17-4D61-A68C-353892935CCD}.Release|Any CPU.ActiveCfg = Release|Any CPU
		{CF0B6011-7B17-4D61-A68C-353892935CCD}.Release|Any CPU.Build.0 = Release|Any CPU
		{5845BD62-FA91-4D34-8D20-75DC2548D608}.Debug|Any CPU.ActiveCfg = Debug|Any CPU
		{5845BD62-FA91-4D34-8D20-75DC2548D608}.Debug|Any CPU.Build.0 = Debug|Any CPU
		{5845BD62-FA91-4D34-8D20-75DC2548D608}.Release|Any CPU.ActiveCfg = Release|Any CPU
		{5845BD62-FA91-4D34-8D20-75DC2548D608}.Release|Any CPU.Build.0 = Release|Any CPU
		{7FAA5DAF-5001-4E37-B60F-76C928B3278E}.Debug|Any CPU.ActiveCfg = Debug|Any CPU
		{7FAA5DAF-5001-4E37-B60F-76C928B3278E}.Debug|Any CPU.Build.0 = Debug|Any CPU
		{7FAA5DAF-5001-4E37-B60F-76C928B3278E}.Release|Any CPU.ActiveCfg = Release|Any CPU
		{7FAA5DAF-5001-4E37-B60F-76C928B3278E}.Release|Any CPU.Build.0 = Release|Any CPU
		{45969C19-758B-4F75-9602-B0416764509A}.Debug|Any CPU.ActiveCfg = Debug|Any CPU
		{45969C19-758B-4F75-9602-B0416764509A}.Debug|Any CPU.Build.0 = Debug|Any CPU
		{45969C19-758B-4F75-9602-B0416764509A}.Release|Any CPU.ActiveCfg = Release|Any CPU
		{45969C19-758B-4F75-9602-B0416764509A}.Release|Any CPU.Build.0 = Release|Any CPU
		{5DDC8FE4-E441-43CD-832F-BAFF54C897D1}.Debug|Any CPU.ActiveCfg = Debug|Any CPU
		{5DDC8FE4-E441-43CD-832F-BAFF54C897D1}.Debug|Any CPU.Build.0 = Debug|Any CPU
		{5DDC8FE4-E441-43CD-832F-BAFF54C897D1}.Release|Any CPU.ActiveCfg = Release|Any CPU
		{5DDC8FE4-E441-43CD-832F-BAFF54C897D1}.Release|Any CPU.Build.0 = Release|Any CPU
	EndGlobalSection
	GlobalSection(SolutionProperties) = preSolution
		HideSolutionNode = FALSE
	EndGlobalSection
	GlobalSection(ExtensibilityGlobals) = postSolution
		SolutionGuid = {41A14F46-CB48-4F4F-9FED-54F50F9ADAE0}
	EndGlobalSection
EndGlobal
